// !$*UTF8*$!
{
	archiveVersion = 1;
	classes = {
	};
	objectVersion = 50;
	objects = {

/* Begin PBXBuildFile section */
		AC7AF0E025D09F9C00A53E4A /* Tests_iOS.swift in Sources */ = {isa = PBXBuildFile; fileRef = AC7AF0DF25D09F9C00A53E4A /* Tests_iOS.swift */; };
		AC7AF0EB25D09F9C00A53E4A /* Tests_macOS.swift in Sources */ = {isa = PBXBuildFile; fileRef = AC7AF0EA25D09F9C00A53E4A /* Tests_macOS.swift */; };
		AC7AF0ED25D09F9C00A53E4A /* SwiftUICombineBodyRecognitionDemoApp.swift in Sources */ = {isa = PBXBuildFile; fileRef = AC7AF0C425D09F9C00A53E4A /* SwiftUICombineBodyRecognitionDemoApp.swift */; };
		AC7AF0EE25D09F9C00A53E4A /* SwiftUICombineBodyRecognitionDemoApp.swift in Sources */ = {isa = PBXBuildFile; fileRef = AC7AF0C425D09F9C00A53E4A /* SwiftUICombineBodyRecognitionDemoApp.swift */; };
		AC7AF0EF25D09F9C00A53E4A /* ContentView.swift in Sources */ = {isa = PBXBuildFile; fileRef = AC7AF0C525D09F9C00A53E4A /* ContentView.swift */; };
		AC7AF0F025D09F9C00A53E4A /* ContentView.swift in Sources */ = {isa = PBXBuildFile; fileRef = AC7AF0C525D09F9C00A53E4A /* ContentView.swift */; };
		AC7AF0F125D09F9C00A53E4A /* Assets.xcassets in Resources */ = {isa = PBXBuildFile; fileRef = AC7AF0C625D09F9C00A53E4A /* Assets.xcassets */; };
		AC7AF0F225D09F9C00A53E4A /* Assets.xcassets in Resources */ = {isa = PBXBuildFile; fileRef = AC7AF0C625D09F9C00A53E4A /* Assets.xcassets */; };
		AC7AF10C25D09FDB00A53E4A /* CameraOutputViewController.swift in Sources */ = {isa = PBXBuildFile; fileRef = AC7AF10725D09FDB00A53E4A /* CameraOutputViewController.swift */; };
		AC7AF10D25D09FDB00A53E4A /* CameraOutputViewController.swift in Sources */ = {isa = PBXBuildFile; fileRef = AC7AF10725D09FDB00A53E4A /* CameraOutputViewController.swift */; };
		AC7AF10E25D09FDB00A53E4A /* DetectionViewController.swift in Sources */ = {isa = PBXBuildFile; fileRef = AC7AF10825D09FDB00A53E4A /* DetectionViewController.swift */; };
		AC7AF10F25D09FDB00A53E4A /* DetectionViewController.swift in Sources */ = {isa = PBXBuildFile; fileRef = AC7AF10825D09FDB00A53E4A /* DetectionViewController.swift */; };
		AC7AF11025D09FDB00A53E4A /* VisionBodyDetectionPresenter.swift in Sources */ = {isa = PBXBuildFile; fileRef = AC7AF10925D09FDB00A53E4A /* VisionBodyDetectionPresenter.swift */; };
		AC7AF11125D09FDB00A53E4A /* VisionBodyDetectionPresenter.swift in Sources */ = {isa = PBXBuildFile; fileRef = AC7AF10925D09FDB00A53E4A /* VisionBodyDetectionPresenter.swift */; };
		AC7AF11825D0A00F00A53E4A /* DetectionOverlay.swift in Sources */ = {isa = PBXBuildFile; fileRef = AC7AF11725D0A00F00A53E4A /* DetectionOverlay.swift */; };
		AC7AF11925D0A00F00A53E4A /* DetectionOverlay.swift in Sources */ = {isa = PBXBuildFile; fileRef = AC7AF11725D0A00F00A53E4A /* DetectionOverlay.swift */; };
		AC7AF11F25D0A01700A53E4A /* PointViewModel.swift in Sources */ = {isa = PBXBuildFile; fileRef = AC7AF11E25D0A01700A53E4A /* PointViewModel.swift */; };
		AC7AF12025D0A01700A53E4A /* PointViewModel.swift in Sources */ = {isa = PBXBuildFile; fileRef = AC7AF11E25D0A01700A53E4A /* PointViewModel.swift */; };
		ACAF1BE125E0373900121816 /* AVCaptureViewModel.swift in Sources */ = {isa = PBXBuildFile; fileRef = ACAF1BE025E0373900121816 /* AVCaptureViewModel.swift */; };
		ACAF1BE225E0373900121816 /* AVCaptureViewModel.swift in Sources */ = {isa = PBXBuildFile; fileRef = ACAF1BE025E0373900121816 /* AVCaptureViewModel.swift */; };
/* End PBXBuildFile section */

/* Begin PBXContainerItemProxy section */
		AC7AF0DC25D09F9C00A53E4A /* PBXContainerItemProxy */ = {
			isa = PBXContainerItemProxy;
			containerPortal = AC7AF0BF25D09F9C00A53E4A /* Project object */;
			proxyType = 1;
			remoteGlobalIDString = AC7AF0CA25D09F9C00A53E4A;
			remoteInfo = "SwiftUICombineBodyRecognitionDemo (iOS)";
		};
		AC7AF0E725D09F9C00A53E4A /* PBXContainerItemProxy */ = {
			isa = PBXContainerItemProxy;
			containerPortal = AC7AF0BF25D09F9C00A53E4A /* Project object */;
			proxyType = 1;
			remoteGlobalIDString = AC7AF0D225D09F9C00A53E4A;
			remoteInfo = "SwiftUICombineBodyRecognitionDemo (macOS)";
		};
/* End PBXContainerItemProxy section */

/* Begin PBXFileReference section */
		AC7AF0C425D09F9C00A53E4A /* SwiftUICombineBodyRecognitionDemoApp.swift */ = {isa = PBXFileReference; lastKnownFileType = sourcecode.swift; path = SwiftUICombineBodyRecognitionDemoApp.swift; sourceTree = "<group>"; };
		AC7AF0C525D09F9C00A53E4A /* ContentView.swift */ = {isa = PBXFileReference; lastKnownFileType = sourcecode.swift; path = ContentView.swift; sourceTree = "<group>"; };
		AC7AF0C625D09F9C00A53E4A /* Assets.xcassets */ = {isa = PBXFileReference; lastKnownFileType = folder.assetcatalog; path = Assets.xcassets; sourceTree = "<group>"; };
		AC7AF0CB25D09F9C00A53E4A /* SwiftUICombineBodyRecognitionDemo.app */ = {isa = PBXFileReference; explicitFileType = wrapper.application; includeInIndex = 0; path = SwiftUICombineBodyRecognitionDemo.app; sourceTree = BUILT_PRODUCTS_DIR; };
		AC7AF0CE25D09F9C00A53E4A /* Info.plist */ = {isa = PBXFileReference; lastKnownFileType = text.plist.xml; path = Info.plist; sourceTree = "<group>"; };
		AC7AF0D325D09F9C00A53E4A /* SwiftUICombineBodyRecognitionDemo.app */ = {isa = PBXFileReference; explicitFileType = wrapper.application; includeInIndex = 0; path = SwiftUICombineBodyRecognitionDemo.app; sourceTree = BUILT_PRODUCTS_DIR; };
		AC7AF0D525D09F9C00A53E4A /* Info.plist */ = {isa = PBXFileReference; lastKnownFileType = text.plist.xml; path = Info.plist; sourceTree = "<group>"; };
		AC7AF0D625D09F9C00A53E4A /* macOS.entitlements */ = {isa = PBXFileReference; lastKnownFileType = text.plist.entitlements; path = macOS.entitlements; sourceTree = "<group>"; };
		AC7AF0DB25D09F9C00A53E4A /* Tests iOS.xctest */ = {isa = PBXFileReference; explicitFileType = wrapper.cfbundle; includeInIndex = 0; path = "Tests iOS.xctest"; sourceTree = BUILT_PRODUCTS_DIR; };
		AC7AF0DF25D09F9C00A53E4A /* Tests_iOS.swift */ = {isa = PBXFileReference; lastKnownFileType = sourcecode.swift; path = Tests_iOS.swift; sourceTree = "<group>"; };
		AC7AF0E125D09F9C00A53E4A /* Info.plist */ = {isa = PBXFileReference; lastKnownFileType = text.plist.xml; path = Info.plist; sourceTree = "<group>"; };
		AC7AF0E625D09F9C00A53E4A /* Tests macOS.xctest */ = {isa = PBXFileReference; explicitFileType = wrapper.cfbundle; includeInIndex = 0; path = "Tests macOS.xctest"; sourceTree = BUILT_PRODUCTS_DIR; };
		AC7AF0EA25D09F9C00A53E4A /* Tests_macOS.swift */ = {isa = PBXFileReference; lastKnownFileType = sourcecode.swift; path = Tests_macOS.swift; sourceTree = "<group>"; };
		AC7AF0EC25D09F9C00A53E4A /* Info.plist */ = {isa = PBXFileReference; lastKnownFileType = text.plist.xml; path = Info.plist; sourceTree = "<group>"; };
		AC7AF10725D09FDB00A53E4A /* CameraOutputViewController.swift */ = {isa = PBXFileReference; fileEncoding = 4; lastKnownFileType = sourcecode.swift; path = CameraOutputViewController.swift; sourceTree = "<group>"; };
		AC7AF10825D09FDB00A53E4A /* DetectionViewController.swift */ = {isa = PBXFileReference; fileEncoding = 4; lastKnownFileType = sourcecode.swift; path = DetectionViewController.swift; sourceTree = "<group>"; };
		AC7AF10925D09FDB00A53E4A /* VisionBodyDetectionPresenter.swift */ = {isa = PBXFileReference; fileEncoding = 4; lastKnownFileType = sourcecode.swift; path = VisionBodyDetectionPresenter.swift; sourceTree = "<group>"; };
		AC7AF11725D0A00F00A53E4A /* DetectionOverlay.swift */ = {isa = PBXFileReference; fileEncoding = 4; lastKnownFileType = sourcecode.swift; path = DetectionOverlay.swift; sourceTree = "<group>"; };
		AC7AF11E25D0A01700A53E4A /* PointViewModel.swift */ = {isa = PBXFileReference; fileEncoding = 4; lastKnownFileType = sourcecode.swift; path = PointViewModel.swift; sourceTree = "<group>"; };
		ACAF1BE025E0373900121816 /* AVCaptureViewModel.swift */ = {isa = PBXFileReference; lastKnownFileType = sourcecode.swift; path = AVCaptureViewModel.swift; sourceTree = "<group>"; };
/* End PBXFileReference section */

/* Begin PBXFrameworksBuildPhase section */
		AC7AF0C825D09F9C00A53E4A /* Frameworks */ = {
			isa = PBXFrameworksBuildPhase;
			buildActionMask = 2147483647;
			files = (
			);
			runOnlyForDeploymentPostprocessing = 0;
		};
		AC7AF0D025D09F9C00A53E4A /* Frameworks */ = {
			isa = PBXFrameworksBuildPhase;
			buildActionMask = 2147483647;
			files = (
			);
			runOnlyForDeploymentPostprocessing = 0;
		};
		AC7AF0D825D09F9C00A53E4A /* Frameworks */ = {
			isa = PBXFrameworksBuildPhase;
			buildActionMask = 2147483647;
			files = (
			);
			runOnlyForDeploymentPostprocessing = 0;
		};
		AC7AF0E325D09F9C00A53E4A /* Frameworks */ = {
			isa = PBXFrameworksBuildPhase;
			buildActionMask = 2147483647;
			files = (
			);
			runOnlyForDeploymentPostprocessing = 0;
		};
/* End PBXFrameworksBuildPhase section */

/* Begin PBXGroup section */
		AC7AF0BE25D09F9C00A53E4A = {
			isa = PBXGroup;
			children = (
				AC7AF0C325D09F9C00A53E4A /* Shared */,
				AC7AF0CD25D09F9C00A53E4A /* iOS */,
				AC7AF0D425D09F9C00A53E4A /* macOS */,
				AC7AF0DE25D09F9C00A53E4A /* Tests iOS */,
				AC7AF0E925D09F9C00A53E4A /* Tests macOS */,
				AC7AF0CC25D09F9C00A53E4A /* Products */,
			);
			sourceTree = "<group>";
		};
		AC7AF0C325D09F9C00A53E4A /* Shared */ = {
			isa = PBXGroup;
			children = (
				AC7AF0C525D09F9C00A53E4A /* ContentView.swift */,
				AC7AF0C425D09F9C00A53E4A /* SwiftUICombineBodyRecognitionDemoApp.swift */,
				AC7AF10525D09FDB00A53E4A /* BodyRecognition */,
				AC7AF11625D0A00F00A53E4A /* PointsDisplay */,
				AC7AF11E25D0A01700A53E4A /* PointViewModel.swift */,
				AC7AF0C625D09F9C00A53E4A /* Assets.xcassets */,
			);
			path = Shared;
			sourceTree = "<group>";
		};
		AC7AF0CC25D09F9C00A53E4A /* Products */ = {
			isa = PBXGroup;
			children = (
				AC7AF0CB25D09F9C00A53E4A /* SwiftUICombineBodyRecognitionDemo.app */,
				AC7AF0D325D09F9C00A53E4A /* SwiftUICombineBodyRecognitionDemo.app */,
				AC7AF0DB25D09F9C00A53E4A /* Tests iOS.xctest */,
				AC7AF0E625D09F9C00A53E4A /* Tests macOS.xctest */,
			);
			name = Products;
			sourceTree = "<group>";
		};
		AC7AF0CD25D09F9C00A53E4A /* iOS */ = {
			isa = PBXGroup;
			children = (
				AC7AF0CE25D09F9C00A53E4A /* Info.plist */,
			);
			path = iOS;
			sourceTree = "<group>";
		};
		AC7AF0D425D09F9C00A53E4A /* macOS */ = {
			isa = PBXGroup;
			children = (
				AC7AF0D525D09F9C00A53E4A /* Info.plist */,
				AC7AF0D625D09F9C00A53E4A /* macOS.entitlements */,
			);
			path = macOS;
			sourceTree = "<group>";
		};
		AC7AF0DE25D09F9C00A53E4A /* Tests iOS */ = {
			isa = PBXGroup;
			children = (
				AC7AF0DF25D09F9C00A53E4A /* Tests_iOS.swift */,
				AC7AF0E125D09F9C00A53E4A /* Info.plist */,
			);
			path = "Tests iOS";
			sourceTree = "<group>";
		};
		AC7AF0E925D09F9C00A53E4A /* Tests macOS */ = {
			isa = PBXGroup;
			children = (
				AC7AF0EA25D09F9C00A53E4A /* Tests_macOS.swift */,
				AC7AF0EC25D09F9C00A53E4A /* Info.plist */,
			);
			path = "Tests macOS";
			sourceTree = "<group>";
		};
		AC7AF10525D09FDB00A53E4A /* BodyRecognition */ = {
			isa = PBXGroup;
			children = (
				AC7AF10725D09FDB00A53E4A /* CameraOutputViewController.swift */,
				ACAF1BE025E0373900121816 /* AVCaptureViewModel.swift */,
				AC7AF10825D09FDB00A53E4A /* DetectionViewController.swift */,
				AC7AF10925D09FDB00A53E4A /* VisionBodyDetectionPresenter.swift */,
			);
			path = BodyRecognition;
			sourceTree = "<group>";
		};
		AC7AF11625D0A00F00A53E4A /* PointsDisplay */ = {
			isa = PBXGroup;
			children = (
				AC7AF11725D0A00F00A53E4A /* DetectionOverlay.swift */,
			);
			path = PointsDisplay;
			sourceTree = "<group>";
		};
/* End PBXGroup section */

/* Begin PBXNativeTarget section */
		AC7AF0CA25D09F9C00A53E4A /* SwiftUICombineBodyRecognitionDemo (iOS) */ = {
			isa = PBXNativeTarget;
			buildConfigurationList = AC7AF0F525D09F9C00A53E4A /* Build configuration list for PBXNativeTarget "SwiftUICombineBodyRecognitionDemo (iOS)" */;
			buildPhases = (
				AC7AF0C725D09F9C00A53E4A /* Sources */,
				AC7AF0C825D09F9C00A53E4A /* Frameworks */,
				AC7AF0C925D09F9C00A53E4A /* Resources */,
			);
			buildRules = (
			);
			dependencies = (
			);
			name = "SwiftUICombineBodyRecognitionDemo (iOS)";
			productName = "SwiftUICombineBodyRecognitionDemo (iOS)";
			productReference = AC7AF0CB25D09F9C00A53E4A /* SwiftUICombineBodyRecognitionDemo.app */;
			productType = "com.apple.product-type.application";
		};
		AC7AF0D225D09F9C00A53E4A /* SwiftUICombineBodyRecognitionDemo (macOS) */ = {
			isa = PBXNativeTarget;
			buildConfigurationList = AC7AF0F825D09F9C00A53E4A /* Build configuration list for PBXNativeTarget "SwiftUICombineBodyRecognitionDemo (macOS)" */;
			buildPhases = (
				AC7AF0CF25D09F9C00A53E4A /* Sources */,
				AC7AF0D025D09F9C00A53E4A /* Frameworks */,
				AC7AF0D125D09F9C00A53E4A /* Resources */,
			);
			buildRules = (
			);
			dependencies = (
			);
			name = "SwiftUICombineBodyRecognitionDemo (macOS)";
			productName = "SwiftUICombineBodyRecognitionDemo (macOS)";
			productReference = AC7AF0D325D09F9C00A53E4A /* SwiftUICombineBodyRecognitionDemo.app */;
			productType = "com.apple.product-type.application";
		};
		AC7AF0DA25D09F9C00A53E4A /* Tests iOS */ = {
			isa = PBXNativeTarget;
			buildConfigurationList = AC7AF0FB25D09F9C00A53E4A /* Build configuration list for PBXNativeTarget "Tests iOS" */;
			buildPhases = (
				AC7AF0D725D09F9C00A53E4A /* Sources */,
				AC7AF0D825D09F9C00A53E4A /* Frameworks */,
				AC7AF0D925D09F9C00A53E4A /* Resources */,
			);
			buildRules = (
			);
			dependencies = (
				AC7AF0DD25D09F9C00A53E4A /* PBXTargetDependency */,
			);
			name = "Tests iOS";
			productName = "Tests iOS";
			productReference = AC7AF0DB25D09F9C00A53E4A /* Tests iOS.xctest */;
			productType = "com.apple.product-type.bundle.ui-testing";
		};
		AC7AF0E525D09F9C00A53E4A /* Tests macOS */ = {
			isa = PBXNativeTarget;
			buildConfigurationList = AC7AF0FE25D09F9C00A53E4A /* Build configuration list for PBXNativeTarget "Tests macOS" */;
			buildPhases = (
				AC7AF0E225D09F9C00A53E4A /* Sources */,
				AC7AF0E325D09F9C00A53E4A /* Frameworks */,
				AC7AF0E425D09F9C00A53E4A /* Resources */,
			);
			buildRules = (
			);
			dependencies = (
				AC7AF0E825D09F9C00A53E4A /* PBXTargetDependency */,
			);
			name = "Tests macOS";
			productName = "Tests macOS";
			productReference = AC7AF0E625D09F9C00A53E4A /* Tests macOS.xctest */;
			productType = "com.apple.product-type.bundle.ui-testing";
		};
/* End PBXNativeTarget section */

/* Begin PBXProject section */
		AC7AF0BF25D09F9C00A53E4A /* Project object */ = {
			isa = PBXProject;
			attributes = {
				LastSwiftUpdateCheck = 1240;
				LastUpgradeCheck = 1240;
				TargetAttributes = {
					AC7AF0CA25D09F9C00A53E4A = {
						CreatedOnToolsVersion = 12.4;
					};
					AC7AF0D225D09F9C00A53E4A = {
						CreatedOnToolsVersion = 12.4;
					};
					AC7AF0DA25D09F9C00A53E4A = {
						CreatedOnToolsVersion = 12.4;
						TestTargetID = AC7AF0CA25D09F9C00A53E4A;
					};
					AC7AF0E525D09F9C00A53E4A = {
						CreatedOnToolsVersion = 12.4;
						TestTargetID = AC7AF0D225D09F9C00A53E4A;
					};
				};
			};
			buildConfigurationList = AC7AF0C225D09F9C00A53E4A /* Build configuration list for PBXProject "SwiftUICombineBodyRecognitionDemo" */;
			compatibilityVersion = "Xcode 9.3";
			developmentRegion = en;
			hasScannedForEncodings = 0;
			knownRegions = (
				en,
				Base,
			);
			mainGroup = AC7AF0BE25D09F9C00A53E4A;
			productRefGroup = AC7AF0CC25D09F9C00A53E4A /* Products */;
			projectDirPath = "";
			projectRoot = "";
			targets = (
				AC7AF0CA25D09F9C00A53E4A /* SwiftUICombineBodyRecognitionDemo (iOS) */,
				AC7AF0D225D09F9C00A53E4A /* SwiftUICombineBodyRecognitionDemo (macOS) */,
				AC7AF0DA25D09F9C00A53E4A /* Tests iOS */,
				AC7AF0E525D09F9C00A53E4A /* Tests macOS */,
			);
		};
/* End PBXProject section */

/* Begin PBXResourcesBuildPhase section */
		AC7AF0C925D09F9C00A53E4A /* Resources */ = {
			isa = PBXResourcesBuildPhase;
			buildActionMask = 2147483647;
			files = (
				AC7AF0F125D09F9C00A53E4A /* Assets.xcassets in Resources */,
			);
			runOnlyForDeploymentPostprocessing = 0;
		};
		AC7AF0D125D09F9C00A53E4A /* Resources */ = {
			isa = PBXResourcesBuildPhase;
			buildActionMask = 2147483647;
			files = (
				AC7AF0F225D09F9C00A53E4A /* Assets.xcassets in Resources */,
			);
			runOnlyForDeploymentPostprocessing = 0;
		};
		AC7AF0D925D09F9C00A53E4A /* Resources */ = {
			isa = PBXResourcesBuildPhase;
			buildActionMask = 2147483647;
			files = (
			);
			runOnlyForDeploymentPostprocessing = 0;
		};
		AC7AF0E425D09F9C00A53E4A /* Resources */ = {
			isa = PBXResourcesBuildPhase;
			buildActionMask = 2147483647;
			files = (
			);
			runOnlyForDeploymentPostprocessing = 0;
		};
/* End PBXResourcesBuildPhase section */

/* Begin PBXSourcesBuildPhase section */
		AC7AF0C725D09F9C00A53E4A /* Sources */ = {
			isa = PBXSourcesBuildPhase;
			buildActionMask = 2147483647;
			files = (
				ACAF1BE125E0373900121816 /* AVCaptureViewModel.swift in Sources */,
				AC7AF11025D09FDB00A53E4A /* VisionBodyDetectionPresenter.swift in Sources */,
				AC7AF11825D0A00F00A53E4A /* DetectionOverlay.swift in Sources */,
				AC7AF10C25D09FDB00A53E4A /* CameraOutputViewController.swift in Sources */,
				AC7AF0EF25D09F9C00A53E4A /* ContentView.swift in Sources */,
				AC7AF11F25D0A01700A53E4A /* PointViewModel.swift in Sources */,
				AC7AF0ED25D09F9C00A53E4A /* SwiftUICombineBodyRecognitionDemoApp.swift in Sources */,
				AC7AF10E25D09FDB00A53E4A /* DetectionViewController.swift in Sources */,
			);
			runOnlyForDeploymentPostprocessing = 0;
		};
		AC7AF0CF25D09F9C00A53E4A /* Sources */ = {
			isa = PBXSourcesBuildPhase;
			buildActionMask = 2147483647;
			files = (
				ACAF1BE225E0373900121816 /* AVCaptureViewModel.swift in Sources */,
				AC7AF11125D09FDB00A53E4A /* VisionBodyDetectionPresenter.swift in Sources */,
				AC7AF11925D0A00F00A53E4A /* DetectionOverlay.swift in Sources */,
				AC7AF10D25D09FDB00A53E4A /* CameraOutputViewController.swift in Sources */,
				AC7AF0F025D09F9C00A53E4A /* ContentView.swift in Sources */,
				AC7AF12025D0A01700A53E4A /* PointViewModel.swift in Sources */,
				AC7AF0EE25D09F9C00A53E4A /* SwiftUICombineBodyRecognitionDemoApp.swift in Sources */,
				AC7AF10F25D09FDB00A53E4A /* DetectionViewController.swift in Sources */,
			);
			runOnlyForDeploymentPostprocessing = 0;
		};
		AC7AF0D725D09F9C00A53E4A /* Sources */ = {
			isa = PBXSourcesBuildPhase;
			buildActionMask = 2147483647;
			files = (
				AC7AF0E025D09F9C00A53E4A /* Tests_iOS.swift in Sources */,
			);
			runOnlyForDeploymentPostprocessing = 0;
		};
		AC7AF0E225D09F9C00A53E4A /* Sources */ = {
			isa = PBXSourcesBuildPhase;
			buildActionMask = 2147483647;
			files = (
				AC7AF0EB25D09F9C00A53E4A /* Tests_macOS.swift in Sources */,
			);
			runOnlyForDeploymentPostprocessing = 0;
		};
/* End PBXSourcesBuildPhase section */

/* Begin PBXTargetDependency section */
		AC7AF0DD25D09F9C00A53E4A /* PBXTargetDependency */ = {
			isa = PBXTargetDependency;
			target = AC7AF0CA25D09F9C00A53E4A /* SwiftUICombineBodyRecognitionDemo (iOS) */;
			targetProxy = AC7AF0DC25D09F9C00A53E4A /* PBXContainerItemProxy */;
		};
		AC7AF0E825D09F9C00A53E4A /* PBXTargetDependency */ = {
			isa = PBXTargetDependency;
			target = AC7AF0D225D09F9C00A53E4A /* SwiftUICombineBodyRecognitionDemo (macOS) */;
			targetProxy = AC7AF0E725D09F9C00A53E4A /* PBXContainerItemProxy */;
		};
/* End PBXTargetDependency section */

/* Begin XCBuildConfiguration section */
		AC7AF0F325D09F9C00A53E4A /* Debug */ = {
			isa = XCBuildConfiguration;
			buildSettings = {
				ALWAYS_SEARCH_USER_PATHS = NO;
				CLANG_ANALYZER_NONNULL = YES;
				CLANG_ANALYZER_NUMBER_OBJECT_CONVERSION = YES_AGGRESSIVE;
				CLANG_CXX_LANGUAGE_STANDARD = "gnu++14";
				CLANG_CXX_LIBRARY = "libc++";
				CLANG_ENABLE_MODULES = YES;
				CLANG_ENABLE_OBJC_ARC = YES;
				CLANG_ENABLE_OBJC_WEAK = YES;
				CLANG_WARN_BLOCK_CAPTURE_AUTORELEASING = YES;
				CLANG_WARN_BOOL_CONVERSION = YES;
				CLANG_WARN_COMMA = YES;
				CLANG_WARN_CONSTANT_CONVERSION = YES;
				CLANG_WARN_DEPRECATED_OBJC_IMPLEMENTATIONS = YES;
				CLANG_WARN_DIRECT_OBJC_ISA_USAGE = YES_ERROR;
				CLANG_WARN_DOCUMENTATION_COMMENTS = YES;
				CLANG_WARN_EMPTY_BODY = YES;
				CLANG_WARN_ENUM_CONVERSION = YES;
				CLANG_WARN_INFINITE_RECURSION = YES;
				CLANG_WARN_INT_CONVERSION = YES;
				CLANG_WARN_NON_LITERAL_NULL_CONVERSION = YES;
				CLANG_WARN_OBJC_IMPLICIT_RETAIN_SELF = YES;
				CLANG_WARN_OBJC_LITERAL_CONVERSION = YES;
				CLANG_WARN_OBJC_ROOT_CLASS = YES_ERROR;
				CLANG_WARN_QUOTED_INCLUDE_IN_FRAMEWORK_HEADER = YES;
				CLANG_WARN_RANGE_LOOP_ANALYSIS = YES;
				CLANG_WARN_STRICT_PROTOTYPES = YES;
				CLANG_WARN_SUSPICIOUS_MOVE = YES;
				CLANG_WARN_UNGUARDED_AVAILABILITY = YES_AGGRESSIVE;
				CLANG_WARN_UNREACHABLE_CODE = YES;
				CLANG_WARN__DUPLICATE_METHOD_MATCH = YES;
				COPY_PHASE_STRIP = NO;
				DEBUG_INFORMATION_FORMAT = dwarf;
				ENABLE_STRICT_OBJC_MSGSEND = YES;
				ENABLE_TESTABILITY = YES;
				GCC_C_LANGUAGE_STANDARD = gnu11;
				GCC_DYNAMIC_NO_PIC = NO;
				GCC_NO_COMMON_BLOCKS = YES;
				GCC_OPTIMIZATION_LEVEL = 0;
				GCC_PREPROCESSOR_DEFINITIONS = (
					"DEBUG=1",
					"$(inherited)",
				);
				GCC_WARN_64_TO_32_BIT_CONVERSION = YES;
				GCC_WARN_ABOUT_RETURN_TYPE = YES_ERROR;
				GCC_WARN_UNDECLARED_SELECTOR = YES;
				GCC_WARN_UNINITIALIZED_AUTOS = YES_AGGRESSIVE;
				GCC_WARN_UNUSED_FUNCTION = YES;
				GCC_WARN_UNUSED_VARIABLE = YES;
				MTL_ENABLE_DEBUG_INFO = INCLUDE_SOURCE;
				MTL_FAST_MATH = YES;
				ONLY_ACTIVE_ARCH = YES;
				SWIFT_ACTIVE_COMPILATION_CONDITIONS = DEBUG;
				SWIFT_OPTIMIZATION_LEVEL = "-Onone";
			};
			name = Debug;
		};
		AC7AF0F425D09F9C00A53E4A /* Release */ = {
			isa = XCBuildConfiguration;
			buildSettings = {
				ALWAYS_SEARCH_USER_PATHS = NO;
				CLANG_ANALYZER_NONNULL = YES;
				CLANG_ANALYZER_NUMBER_OBJECT_CONVERSION = YES_AGGRESSIVE;
				CLANG_CXX_LANGUAGE_STANDARD = "gnu++14";
				CLANG_CXX_LIBRARY = "libc++";
				CLANG_ENABLE_MODULES = YES;
				CLANG_ENABLE_OBJC_ARC = YES;
				CLANG_ENABLE_OBJC_WEAK = YES;
				CLANG_WARN_BLOCK_CAPTURE_AUTORELEASING = YES;
				CLANG_WARN_BOOL_CONVERSION = YES;
				CLANG_WARN_COMMA = YES;
				CLANG_WARN_CONSTANT_CONVERSION = YES;
				CLANG_WARN_DEPRECATED_OBJC_IMPLEMENTATIONS = YES;
				CLANG_WARN_DIRECT_OBJC_ISA_USAGE = YES_ERROR;
				CLANG_WARN_DOCUMENTATION_COMMENTS = YES;
				CLANG_WARN_EMPTY_BODY = YES;
				CLANG_WARN_ENUM_CONVERSION = YES;
				CLANG_WARN_INFINITE_RECURSION = YES;
				CLANG_WARN_INT_CONVERSION = YES;
				CLANG_WARN_NON_LITERAL_NULL_CONVERSION = YES;
				CLANG_WARN_OBJC_IMPLICIT_RETAIN_SELF = YES;
				CLANG_WARN_OBJC_LITERAL_CONVERSION = YES;
				CLANG_WARN_OBJC_ROOT_CLASS = YES_ERROR;
				CLANG_WARN_QUOTED_INCLUDE_IN_FRAMEWORK_HEADER = YES;
				CLANG_WARN_RANGE_LOOP_ANALYSIS = YES;
				CLANG_WARN_STRICT_PROTOTYPES = YES;
				CLANG_WARN_SUSPICIOUS_MOVE = YES;
				CLANG_WARN_UNGUARDED_AVAILABILITY = YES_AGGRESSIVE;
				CLANG_WARN_UNREACHABLE_CODE = YES;
				CLANG_WARN__DUPLICATE_METHOD_MATCH = YES;
				COPY_PHASE_STRIP = NO;
				DEBUG_INFORMATION_FORMAT = "dwarf-with-dsym";
				ENABLE_NS_ASSERTIONS = NO;
				ENABLE_STRICT_OBJC_MSGSEND = YES;
				GCC_C_LANGUAGE_STANDARD = gnu11;
				GCC_NO_COMMON_BLOCKS = YES;
				GCC_WARN_64_TO_32_BIT_CONVERSION = YES;
				GCC_WARN_ABOUT_RETURN_TYPE = YES_ERROR;
				GCC_WARN_UNDECLARED_SELECTOR = YES;
				GCC_WARN_UNINITIALIZED_AUTOS = YES_AGGRESSIVE;
				GCC_WARN_UNUSED_FUNCTION = YES;
				GCC_WARN_UNUSED_VARIABLE = YES;
				MTL_ENABLE_DEBUG_INFO = NO;
				MTL_FAST_MATH = YES;
				SWIFT_COMPILATION_MODE = wholemodule;
				SWIFT_OPTIMIZATION_LEVEL = "-O";
			};
			name = Release;
		};
		AC7AF0F625D09F9C00A53E4A /* Debug */ = {
			isa = XCBuildConfiguration;
			buildSettings = {
				ASSETCATALOG_COMPILER_APPICON_NAME = AppIcon;
				ASSETCATALOG_COMPILER_GLOBAL_ACCENT_COLOR_NAME = AccentColor;
				CODE_SIGN_STYLE = Automatic;
				DEVELOPMENT_TEAM = 7XHN3APB2C;
				ENABLE_PREVIEWS = YES;
				INFOPLIST_FILE = iOS/Info.plist;
				IPHONEOS_DEPLOYMENT_TARGET = 14.0;
				LD_RUNPATH_SEARCH_PATHS = (
					"$(inherited)",
					"@executable_path/Frameworks",
				);
				PRODUCT_BUNDLE_IDENTIFIER = com.alexanderpawinski.SwiftUICombineBodyRecognitionDemo;
				PRODUCT_NAME = SwiftUICombineBodyRecognitionDemo;
				SDKROOT = iphoneos;
				SWIFT_VERSION = 5.0;
				TARGETED_DEVICE_FAMILY = "1,2";
			};
			name = Debug;
		};
		AC7AF0F725D09F9C00A53E4A /* Release */ = {
			isa = XCBuildConfiguration;
			buildSettings = {
				ASSETCATALOG_COMPILER_APPICON_NAME = AppIcon;
				ASSETCATALOG_COMPILER_GLOBAL_ACCENT_COLOR_NAME = AccentColor;
				CODE_SIGN_STYLE = Automatic;
				DEVELOPMENT_TEAM = 7XHN3APB2C;
				ENABLE_PREVIEWS = YES;
				INFOPLIST_FILE = iOS/Info.plist;
				IPHONEOS_DEPLOYMENT_TARGET = 14.0;
				LD_RUNPATH_SEARCH_PATHS = (
					"$(inherited)",
					"@executable_path/Frameworks",
				);
				PRODUCT_BUNDLE_IDENTIFIER = com.alexanderpawinski.SwiftUICombineBodyRecognitionDemo;
				PRODUCT_NAME = SwiftUICombineBodyRecognitionDemo;
				SDKROOT = iphoneos;
				SWIFT_VERSION = 5.0;
				TARGETED_DEVICE_FAMILY = "1,2";
				VALIDATE_PRODUCT = YES;
			};
			name = Release;
		};
		AC7AF0F925D09F9C00A53E4A /* Debug */ = {
			isa = XCBuildConfiguration;
			buildSettings = {
				ASSETCATALOG_COMPILER_APPICON_NAME = AppIcon;
				ASSETCATALOG_COMPILER_GLOBAL_ACCENT_COLOR_NAME = AccentColor;
				CODE_SIGN_ENTITLEMENTS = macOS/macOS.entitlements;
				CODE_SIGN_STYLE = Automatic;
				COMBINE_HIDPI_IMAGES = YES;
				DEVELOPMENT_TEAM = 7XHN3APB2C;
				ENABLE_HARDENED_RUNTIME = YES;
				ENABLE_PREVIEWS = YES;
				INFOPLIST_FILE = macOS/Info.plist;
				LD_RUNPATH_SEARCH_PATHS = (
					"$(inherited)",
					"@executable_path/../Frameworks",
				);
				MACOSX_DEPLOYMENT_TARGET = 11.0;
				PRODUCT_BUNDLE_IDENTIFIER = com.alexanderpawinski.SwiftUICombineBodyRecognitionDemo;
				PRODUCT_NAME = SwiftUICombineBodyRecognitionDemo;
				SDKROOT = macosx;
				SWIFT_VERSION = 5.0;
			};
			name = Debug;
		};
		AC7AF0FA25D09F9C00A53E4A /* Release */ = {
			isa = XCBuildConfiguration;
			buildSettings = {
				ASSETCATALOG_COMPILER_APPICON_NAME = AppIcon;
				ASSETCATALOG_COMPILER_GLOBAL_ACCENT_COLOR_NAME = AccentColor;
				CODE_SIGN_ENTITLEMENTS = macOS/macOS.entitlements;
				CODE_SIGN_STYLE = Automatic;
				COMBINE_HIDPI_IMAGES = YES;
				DEVELOPMENT_TEAM = 7XHN3APB2C;
				ENABLE_HARDENED_RUNTIME = YES;
				ENABLE_PREVIEWS = YES;
				INFOPLIST_FILE = macOS/Info.plist;
				LD_RUNPATH_SEARCH_PATHS = (
					"$(inherited)",
					"@executable_path/../Frameworks",
				);
				MACOSX_DEPLOYMENT_TARGET = 11.0;
				PRODUCT_BUNDLE_IDENTIFIER = com.alexanderpawinski.SwiftUICombineBodyRecognitionDemo;
				PRODUCT_NAME = SwiftUICombineBodyRecognitionDemo;
				SDKROOT = macosx;
				SWIFT_VERSION = 5.0;
			};
			name = Release;
		};
		AC7AF0FC25D09F9C00A53E4A /* Debug */ = {
			isa = XCBuildConfiguration;
			buildSettings = {
				ALWAYS_EMBED_SWIFT_STANDARD_LIBRARIES = YES;
				CODE_SIGN_STYLE = Automatic;
				DEVELOPMENT_TEAM = 7XHN3APB2C;
				INFOPLIST_FILE = "Tests iOS/Info.plist";
				IPHONEOS_DEPLOYMENT_TARGET = 14.4;
				LD_RUNPATH_SEARCH_PATHS = (
					"$(inherited)",
					"@executable_path/Frameworks",
					"@loader_path/Frameworks",
				);
				PRODUCT_BUNDLE_IDENTIFIER = "com.alexanderpawinski.Tests-iOS";
				PRODUCT_NAME = "$(TARGET_NAME)";
				SDKROOT = iphoneos;
				SWIFT_VERSION = 5.0;
				TARGETED_DEVICE_FAMILY = "1,2";
				TEST_TARGET_NAME = "SwiftUICombineBodyRecognitionDemo (iOS)";
			};
			name = Debug;
		};
		AC7AF0FD25D09F9C00A53E4A /* Release */ = {
			isa = XCBuildConfiguration;
			buildSettings = {
				ALWAYS_EMBED_SWIFT_STANDARD_LIBRARIES = YES;
				CODE_SIGN_STYLE = Automatic;
				DEVELOPMENT_TEAM = 7XHN3APB2C;
				INFOPLIST_FILE = "Tests iOS/Info.plist";
				IPHONEOS_DEPLOYMENT_TARGET = 14.4;
				LD_RUNPATH_SEARCH_PATHS = (
					"$(inherited)",
					"@executable_path/Frameworks",
					"@loader_path/Frameworks",
				);
				PRODUCT_BUNDLE_IDENTIFIER = "com.alexanderpawinski.Tests-iOS";
				PRODUCT_NAME = "$(TARGET_NAME)";
				SDKROOT = iphoneos;
				SWIFT_VERSION = 5.0;
				TARGETED_DEVICE_FAMILY = "1,2";
				TEST_TARGET_NAME = "SwiftUICombineBodyRecognitionDemo (iOS)";
				VALIDATE_PRODUCT = YES;
			};
			name = Release;
		};
		AC7AF0FF25D09F9C00A53E4A /* Debug */ = {
			isa = XCBuildConfiguration;
			buildSettings = {
				ALWAYS_EMBED_SWIFT_STANDARD_LIBRARIES = YES;
				CODE_SIGN_STYLE = Automatic;
				COMBINE_HIDPI_IMAGES = YES;
				DEVELOPMENT_TEAM = 7XHN3APB2C;
				INFOPLIST_FILE = "Tests macOS/Info.plist";
				LD_RUNPATH_SEARCH_PATHS = (
					"$(inherited)",
					"@executable_path/../Frameworks",
					"@loader_path/../Frameworks",
				);
				MACOSX_DEPLOYMENT_TARGET = 11.1;
				PRODUCT_BUNDLE_IDENTIFIER = "com.alexanderpawinski.Tests-macOS";
				PRODUCT_NAME = "$(TARGET_NAME)";
				SDKROOT = macosx;
				SWIFT_VERSION = 5.0;
				TEST_TARGET_NAME = "SwiftUICombineBodyRecognitionDemo (macOS)";
			};
			name = Debug;
		};
		AC7AF10025D09F9C00A53E4A /* Release */ = {
			isa = XCBuildConfiguration;
			buildSettings = {
				ALWAYS_EMBED_SWIFT_STANDARD_LIBRARIES = YES;
				CODE_SIGN_STYLE = Automatic;
				COMBINE_HIDPI_IMAGES = YES;
				DEVELOPMENT_TEAM = 7XHN3APB2C;
				INFOPLIST_FILE = "Tests macOS/Info.plist";
				LD_RUNPATH_SEARCH_PATHS = (
					"$(inherited)",
					"@executable_path/../Frameworks",
					"@loader_path/../Frameworks",
				);
				MACOSX_DEPLOYMENT_TARGET = 11.1;
				PRODUCT_BUNDLE_IDENTIFIER = "com.alexanderpawinski.Tests-macOS";
				PRODUCT_NAME = "$(TARGET_NAME)";
				SDKROOT = macosx;
				SWIFT_VERSION = 5.0;
				TEST_TARGET_NAME = "SwiftUICombineBodyRecognitionDemo (macOS)";
			};
			name = Release;
		};
/* End XCBuildConfiguration section */

/* Begin XCConfigurationList section */
		AC7AF0C225D09F9C00A53E4A /* Build configuration list for PBXProject "SwiftUICombineBodyRecognitionDemo" */ = {
			isa = XCConfigurationList;
			buildConfigurations = (
				AC7AF0F325D09F9C00A53E4A /* Debug */,
				AC7AF0F425D09F9C00A53E4A /* Release */,
			);
			defaultConfigurationIsVisible = 0;
			defaultConfigurationName = Release;
		};
		AC7AF0F525D09F9C00A53E4A /* Build configuration list for PBXNativeTarget "SwiftUICombineBodyRecognitionDemo (iOS)" */ = {
			isa = XCConfigurationList;
			buildConfigurations = (
				AC7AF0F625D09F9C00A53E4A /* Debug */,
				AC7AF0F725D09F9C00A53E4A /* Release */,
			);
			defaultConfigurationIsVisible = 0;
			defaultConfigurationName = Release;
		};
		AC7AF0F825D09F9C00A53E4A /* Build configuration list for PBXNativeTarget "SwiftUICombineBodyRecognitionDemo (macOS)" */ = {
			isa = XCConfigurationList;
			buildConfigurations = (
				AC7AF0F925D09F9C00A53E4A /* Debug */,
				AC7AF0FA25D09F9C00A53E4A /* Release */,
			);
			defaultConfigurationIsVisible = 0;
			defaultConfigurationName = Release;
		};
		AC7AF0FB25D09F9C00A53E4A /* Build configuration list for PBXNativeTarget "Tests iOS" */ = {
			isa = XCConfigurationList;
			buildConfigurations = (
				AC7AF0FC25D09F9C00A53E4A /* Debug */,
				AC7AF0FD25D09F9C00A53E4A /* Release */,
			);
			defaultConfigurationIsVisible = 0;
			defaultConfigurationName = Release;
		};
		AC7AF0FE25D09F9C00A53E4A /* Build configuration list for PBXNativeTarget "Tests macOS" */ = {
			isa = XCConfigurationList;
			buildConfigurations = (
				AC7AF0FF25D09F9C00A53E4A /* Debug */,
				AC7AF10025D09F9C00A53E4A /* Release */,
			);
			defaultConfigurationIsVisible = 0;
			defaultConfigurationName = Release;
		};
/* End XCConfigurationList section */
	};
	rootObject = AC7AF0BF25D09F9C00A53E4A /* Project object */;
}
